<?xml version="1.0" encoding="utf-8"?>
<Project ToolsVersion="4.0" xmlns="http://schemas.microsoft.com/developer/msbuild/2003">
  <ItemGroup>
    <Filter Include="Source Files">
      <UniqueIdentifier>{4FC737F1-C7A5-4376-A066-2A32D752A2FF}</UniqueIdentifier>
      <Extensions>cpp;c;cc;cxx;def;odl;idl;hpj;bat;asm;asmx</Extensions>
    </Filter>
    <Filter Include="Header Files">
      <UniqueIdentifier>{93995380-89BD-4b04-88EB-625FBE52EBFB}</UniqueIdentifier>
      <Extensions>h;hh;hpp;hxx;hm;inl;inc;ipp;xsd</Extensions>
    </Filter>
    <Filter Include="Resource Files">
      <UniqueIdentifier>{67DA6AB6-F800-4c08-8B7A-83BB121AAD01}</UniqueIdentifier>
      <Extensions>rc;ico;cur;bmp;dlg;rc2;rct;bin;rgs;gif;jpg;jpeg;jpe;resx;tiff;tif;png;wav;mfcribbon-ms</Extensions>
    </Filter>
    <Filter Include="Arkanoid">
      <UniqueIdentifier>{04411725-49a1-4a82-9964-df5145b47718}</UniqueIdentifier>
    </Filter>
    <Filter Include="Snake">
      <UniqueIdentifier>{25ffeb12-099c-40c3-a81c-fb5482ce8652}</UniqueIdentifier>
    </Filter>
    <Filter Include="Shader Files">
      <UniqueIdentifier>{d75b332f-bc22-4224-af82-914c14e96ca7}</UniqueIdentifier>
    </Filter>
  </ItemGroup>
  <ItemGroup>
    <ClCompile Include="src\assertions_console.cpp">
      <Filter>Source Files</Filter>
    </ClCompile>
    <ClCompile Include="src\bitmap.cpp">
      <Filter>Source Files</Filter>
    </ClCompile>
    <ClCompile Include="src\camera.cpp">
      <Filter>Source Files</Filter>
    </ClCompile>
    <ClCompile Include="src\camera_manager.cpp">
      <Filter>Source Files</Filter>
    </ClCompile>
    <ClCompile Include="src\console.cpp">
      <Filter>Source Files</Filter>
    </ClCompile>
    <ClCompile Include="src\cube_texture.cpp">
      <Filter>Source Files</Filter>
    </ClCompile>
    <ClCompile Include="src\d3d_utils.cpp">
      <Filter>Source Files</Filter>
    </ClCompile>
    <ClCompile Include="src\drawable.cpp">
      <Filter>Source Files</Filter>
    </ClCompile>
    <ClCompile Include="src\dynamic_constant_buffer.cpp">
      <Filter>Source Files</Filter>
    </ClCompile>
    <ClCompile Include="src\dynamic_vertex_buffer.cpp">
      <Filter>Source Files</Filter>
    </ClCompile>
    <ClCompile Include="src\effect.cpp">
      <Filter>Source Files</Filter>
    </ClCompile>
    <ClCompile Include="src\frustum.cpp">
      <Filter>Source Files</Filter>
    </ClCompile>
    <ClCompile Include="src\fullscreen_pass.cpp">
      <Filter>Source Files</Filter>
    </ClCompile>
    <ClCompile Include="src\game.cpp">
      <Filter>Source Files</Filter>
    </ClCompile>
    <ClCompile Include="src\graphics.cpp">
      <Filter>Source Files</Filter>
    </ClCompile>
    <ClCompile Include="src\horizontal_blur_pass.cpp">
      <Filter>Source Files</Filter>
    </ClCompile>
    <ClCompile Include="src\imgui_manager.cpp">
      <Filter>Source Files</Filter>
    </ClCompile>
    <ClCompile Include="src\index_buffer.cpp">
      <Filter>Source Files</Filter>
    </ClCompile>
    <ClCompile Include="src\input_layout.cpp">
      <Filter>Source Files</Filter>
    </ClCompile>
    <ClCompile Include="src\key_exception.cpp">
      <Filter>Source Files</Filter>
    </ClCompile>
    <ClCompile Include="src\keyboard.cpp">
      <Filter>Source Files</Filter>
    </ClCompile>
    <ClCompile Include="src\leak_checker_console.cpp">
      <Filter>Source Files</Filter>
    </ClCompile>
    <ClCompile Include="src\main.cpp">
      <Filter>Source Files</Filter>
    </ClCompile>
    <ClCompile Include="src\model.cpp">
      <Filter>Source Files</Filter>
    </ClCompile>
    <ClCompile Include="src\mouse.cpp">
      <Filter>Source Files</Filter>
    </ClCompile>
    <ClCompile Include="src\node.cpp">
      <Filter>Source Files</Filter>
    </ClCompile>
    <ClCompile Include="src\os_utils.cpp">
      <Filter>Source Files</Filter>
    </ClCompile>
    <ClCompile Include="src\pass.cpp">
      <Filter>Source Files</Filter>
    </ClCompile>
    <ClCompile Include="src\pixel_shader.cpp">
      <Filter>Source Files</Filter>
    </ClCompile>
    <ClCompile Include="src\primitive_topology.cpp">
      <Filter>Source Files</Filter>
    </ClCompile>
    <ClCompile Include="src\rasterizer.cpp">
      <Filter>Source Files</Filter>
    </ClCompile>
    <ClCompile Include="src\rasterizer_shadow.cpp">
      <Filter>Source Files</Filter>
    </ClCompile>
    <ClCompile Include="src\render_queue_pass.cpp">
      <Filter>Source Files</Filter>
    </ClCompile>
    <ClCompile Include="src\render_target.cpp">
      <Filter>Source Files</Filter>
    </ClCompile>
    <ClCompile Include="src\renderer.cpp">
      <Filter>Source Files</Filter>
    </ClCompile>
    <ClCompile Include="src\renderer_exception.cpp">
      <Filter>Source Files</Filter>
    </ClCompile>
    <ClCompile Include="src\shadow_map_sampler.cpp">
      <Filter>Source Files</Filter>
    </ClCompile>
    <ClCompile Include="src\testing.cpp">
      <Filter>Source Files</Filter>
    </ClCompile>
    <ClCompile Include="src\texture.cpp">
      <Filter>Source Files</Filter>
    </ClCompile>
    <ClCompile Include="src\texture_sampler.cpp">
      <Filter>Source Files</Filter>
    </ClCompile>
    <ClCompile Include="src\transform_scale_vcb.cpp">
      <Filter>Source Files</Filter>
    </ClCompile>
    <ClCompile Include="src\transform_vcb.cpp">
      <Filter>Source Files</Filter>
    </ClCompile>
    <ClCompile Include="src\utils.cpp">
      <Filter>Source Files</Filter>
    </ClCompile>
    <ClCompile Include="src\vertex_buffer.cpp">
      <Filter>Source Files</Filter>
    </ClCompile>
    <ClCompile Include="src\vertex_shader.cpp">
      <Filter>Source Files</Filter>
    </ClCompile>
    <ClCompile Include="src\vertical_blur_pass.cpp">
      <Filter>Source Files</Filter>
    </ClCompile>
    <ClCompile Include="src\window.cpp">
      <Filter>Source Files</Filter>
    </ClCompile>
    <ClCompile Include="src\windows_message_map.cpp">
      <Filter>Source Files</Filter>
    </ClCompile>
    <ClCompile Include="src\sysmetrics.cpp">
      <Filter>Source Files</Filter>
    </ClCompile>
    <ClCompile Include="third_party\imgui\imgui.cpp">
      <Filter>Source Files</Filter>
    </ClCompile>
    <ClCompile Include="third_party\imgui\imgui_demo.cpp">
      <Filter>Source Files</Filter>
    </ClCompile>
    <ClCompile Include="third_party\imgui\imgui_draw.cpp">
      <Filter>Source Files</Filter>
    </ClCompile>
    <ClCompile Include="third_party\imgui\imgui_impl_dx11.cpp">
      <Filter>Source Files</Filter>
    </ClCompile>
    <ClCompile Include="third_party\imgui\imgui_impl_win32.cpp">
      <Filter>Source Files</Filter>
    </ClCompile>
    <ClCompile Include="third_party\imgui\imgui_widgets.cpp">
      <Filter>Source Files</Filter>
    </ClCompile>
    <ClCompile Include="src\performance_log.cpp">
      <Filter>Source Files</Filter>
    </ClCompile>
    <ClCompile Include="src\dumpling.cpp">
      <Filter>Source Files</Filter>
    </ClCompile>
    <ClCompile Include="src\dxgi_info_queue.cpp">
      <Filter>Source Files</Filter>
    </ClCompile>
    <ClCompile Include="src\settings_manager.cpp">
      <Filter>Source Files</Filter>
    </ClCompile>
    <ClCompile Include="src\octree.cpp">
      <Filter>Source Files</Filter>
    </ClCompile>
    <ClCompile Include="src\key_random.cpp">
      <Filter>Source Files</Filter>
    </ClCompile>
    <ClCompile Include="src\sound_manager.cpp">
      <Filter>Source Files</Filter>
    </ClCompile>
    <ClCompile Include="src\entity.cpp">
      <Filter>Source Files</Filter>
    </ClCompile>
    <ClCompile Include="src\entity_manager.cpp">
      <Filter>Source Files</Filter>
    </ClCompile>
    <ClCompile Include="src\message_queue_bus_dispatcher.cpp">
      <Filter>Source Files</Filter>
    </ClCompile>
    <ClCompile Include="src\message.cpp">
      <Filter>Source Files</Filter>
    </ClCompile>
    <ClCompile Include="src\gameplay_exception.cpp">
      <Filter>Source Files</Filter>
    </ClCompile>
    <ClCompile Include="src\game_state.cpp">
      <Filter>Source Files</Filter>
    </ClCompile>
    <ClCompile Include="src\depth_stencil_view.cpp">
      <Filter>Source Files</Filter>
    </ClCompile>
    <ClCompile Include="src\job.cpp">
      <Filter>Source Files</Filter>
    </ClCompile>
    <ClCompile Include="src\skybox_vcb.cpp">
      <Filter>Source Files</Filter>
    </ClCompile>
    <ClCompile Include="src\key_thread.cpp">
      <Filter>Source Files</Filter>
    </ClCompile>
    <ClCompile Include="src\signal_handling.cpp">
      <Filter>Source Files</Filter>
    </ClCompile>
    <ClCompile Include="src\allocator_utils.cpp">
      <Filter>Source Files</Filter>
    </ClCompile>
    <ClCompile Include="src\operation.cpp">
      <Filter>Source Files</Filter>
    </ClCompile>
    <ClCompile Include="src\file_utils.cpp">
      <Filter>Source Files</Filter>
    </ClCompile>
    <ClCompile Include="src\splash_window.cpp">
      <Filter>Source Files</Filter>
    </ClCompile>
    <ClCompile Include="src\viewport.cpp">
      <Filter>Source Files</Filter>
    </ClCompile>
    <ClCompile Include="src\light.cpp">
      <Filter>Source Files</Filter>
    </ClCompile>
    <ClCompile Include="arkanoid\ball.cpp">
      <Filter>Arkanoid</Filter>
    </ClCompile>
    <ClCompile Include="arkanoid\paddle.cpp">
      <Filter>Arkanoid</Filter>
    </ClCompile>
    <ClCompile Include="arkanoid\brick.cpp">
      <Filter>Arkanoid</Filter>
    </ClCompile>
    <ClCompile Include="snake\fruit.cpp">
      <Filter>Snake</Filter>
    </ClCompile>
    <ClCompile Include="snake\snake.cpp">
      <Filter>Snake</Filter>
    </ClCompile>
    <ClCompile Include="src\net_utils.cpp">
      <Filter>Source Files</Filter>
    </ClCompile>
    <ClCompile Include="src\cube.cpp">
      <Filter>Source Files</Filter>
    </ClCompile>
    <ClCompile Include="src\plane.cpp">
      <Filter>Source Files</Filter>
    </ClCompile>
    <ClCompile Include="src\sphere.cpp">
      <Filter>Source Files</Filter>
    </ClCompile>
    <ClCompile Include="src\math_utils.cpp">
      <Filter>Source Files</Filter>
    </ClCompile>
    <ClCompile Include="src\depth_stencil_state.cpp">
      <Filter>Source Files</Filter>
    </ClCompile>
    <ClCompile Include="src\sky_pass.cpp">
      <Filter>Source Files</Filter>
    </ClCompile>
    <ClCompile Include="src\lambertian_pass.cpp">
      <Filter>Source Files</Filter>
    </ClCompile>
    <ClCompile Include="src\constant_buffer_ex.cpp">
      <Filter>Source Files</Filter>
    </ClCompile>
    <ClCompile Include="src\geometry.cpp">
      <Filter>Source Files</Filter>
    </ClCompile>
    <ClCompile Include="src\camera_widget.cpp">
      <Filter>Source Files</Filter>
    </ClCompile>
    <ClCompile Include="src\light_vcb.cpp">
      <Filter>Source Files</Filter>
    </ClCompile>
    <ClCompile Include="src\shadow_pass.cpp">
      <Filter>Source Files</Filter>
    </ClCompile>
    <ClCompile Include="src\producer.cpp">
      <Filter>Source Files</Filter>
    </ClCompile>
    <ClCompile Include="src\consumer.cpp">
      <Filter>Source Files</Filter>
    </ClCompile>
    <ClCompile Include="src\bindable_pass.cpp">
      <Filter>Source Files</Filter>
    </ClCompile>
    <ClCompile Include="src\bindable_exception.cpp">
      <Filter>Source Files</Filter>
    </ClCompile>
    <ClCompile Include="src\pass_2d.cpp">
      <Filter>Source Files</Filter>
    </ClCompile>
    <ClCompile Include="src\depth_reversed_pass.cpp">
      <Filter>Source Files</Filter>
    </ClCompile>
    <ClCompile Include="src\wireframe_pass.cpp">
      <Filter>Source Files</Filter>
    </ClCompile>
    <ClCompile Include="src\blend_state.cpp">
      <Filter>Source Files</Filter>
    </ClCompile>
    <ClCompile Include="src\rectangle.cpp">
      <Filter>Source Files</Filter>
    </ClCompile>
    <ClCompile Include="src\pixel_shader_null.cpp">
      <Filter>Source Files</Filter>
    </ClCompile>
    <ClCompile Include="src\mouse_picker.cpp">
      <Filter>Source Files</Filter>
    </ClCompile>
    <ClCompile Include="src\grid_location.cpp">
      <Filter>Source Files</Filter>
    </ClCompile>
    <ClCompile Include="src\graphics_friend.cpp">
      <Filter>Source Files</Filter>
    </ClCompile>
    <ClCompile Include="src\blur_outline_draw_pass.cpp">
      <Filter>Source Files</Filter>
    </ClCompile>
    <ClCompile Include="src\blur_outline_mask_pass.cpp">
      <Filter>Source Files</Filter>
    </ClCompile>
    <ClCompile Include="src\effect_visitor.cpp">
      <Filter>Source Files</Filter>
    </ClCompile>
    <ClCompile Include="src\model_visitor.cpp">
      <Filter>Source Files</Filter>
    </ClCompile>
    <ClCompile Include="src\solid_outline_mask_pass.cpp">
      <Filter>Source Files</Filter>
    </ClCompile>
    <ClCompile Include="src\solid_outline_draw_pass.cpp">
      <Filter>Source Files</Filter>
    </ClCompile>
    <ClCompile Include="src\render_surface_clear_pass.cpp">
      <Filter>Source Files</Filter>
    </ClCompile>
    <ClCompile Include="src\material_loader.cpp">
      <Filter>Source Files</Filter>
    </ClCompile>
    <ClCompile Include="snake\snake_play_field.cpp">
      <Filter>Snake</Filter>
    </ClCompile>
    <ClCompile Include="src\triangle_mesh.cpp">
      <Filter>Source Files</Filter>
    </ClCompile>
    <ClCompile Include="src\thread_pool.cpp">
      <Filter>Source Files</Filter>
    </ClCompile>
    <ClCompile Include="..\KeyEngine_tests\test_main.cpp">
      <Filter>Source Files</Filter>
    </ClCompile>
  </ItemGroup>
  <ItemGroup>
    <ClInclude Include="inc\assertions_console.h">
      <Filter>Header Files</Filter>
    </ClInclude>
    <ClInclude Include="inc\bindable.h">
      <Filter>Header Files</Filter>
    </ClInclude>
    <ClInclude Include="inc\bindable_map.h">
      <Filter>Header Files</Filter>
    </ClInclude>
    <ClInclude Include="inc\bitmap.h">
      <Filter>Header Files</Filter>
    </ClInclude>
    <ClInclude Include="inc\camera.h">
      <Filter>Header Files</Filter>
    </ClInclude>
    <ClInclude Include="inc\camera_manager.h">
      <Filter>Header Files</Filter>
    </ClInclude>
    <ClInclude Include="inc\console.h">
      <Filter>Header Files</Filter>
    </ClInclude>
    <ClInclude Include="inc\constant_buffer.h">
      <Filter>Header Files</Filter>
    </ClInclude>
    <ClInclude Include="inc\constant_buffer_ex.h">
      <Filter>Header Files</Filter>
    </ClInclude>
    <ClInclude Include="inc\cube_texture.h">
      <Filter>Header Files</Filter>
    </ClInclude>
    <ClInclude Include="inc\d3d_utils.h">
      <Filter>Header Files</Filter>
    </ClInclude>
    <ClInclude Include="inc\drawable.h">
      <Filter>Header Files</Filter>
    </ClInclude>
    <ClInclude Include="inc\dynamic_constant_buffer.h">
      <Filter>Header Files</Filter>
    </ClInclude>
    <ClInclude Include="inc\dynamic_vertex_buffer.h">
      <Filter>Header Files</Filter>
    </ClInclude>
    <ClInclude Include="inc\effect.h">
      <Filter>Header Files</Filter>
    </ClInclude>
    <ClInclude Include="inc\effect_visitor.h">
      <Filter>Header Files</Filter>
    </ClInclude>
    <ClInclude Include="inc\frustum.h">
      <Filter>Header Files</Filter>
    </ClInclude>
    <ClInclude Include="inc\fullscreen_pass.h">
      <Filter>Header Files</Filter>
    </ClInclude>
    <ClInclude Include="inc\game.h">
      <Filter>Header Files</Filter>
    </ClInclude>
    <ClInclude Include="inc\graphics.h">
      <Filter>Header Files</Filter>
    </ClInclude>
    <ClInclude Include="inc\horizontal_blur_pass.h">
      <Filter>Header Files</Filter>
    </ClInclude>
    <ClInclude Include="inc\imgui_manager.h">
      <Filter>Header Files</Filter>
    </ClInclude>
    <ClInclude Include="inc\index_buffer.h">
      <Filter>Header Files</Filter>
    </ClInclude>
    <ClInclude Include="inc\input_layout.h">
      <Filter>Header Files</Filter>
    </ClInclude>
    <ClInclude Include="inc\key_exception.h">
      <Filter>Header Files</Filter>
    </ClInclude>
    <ClInclude Include="inc\key_timer.h">
      <Filter>Header Files</Filter>
    </ClInclude>
    <ClInclude Include="inc\key_wrl.h">
      <Filter>Header Files</Filter>
    </ClInclude>
    <ClInclude Include="inc\keyboard.h">
      <Filter>Header Files</Filter>
    </ClInclude>
    <ClInclude Include="inc\lambertian_pass.h">
      <Filter>Header Files</Filter>
    </ClInclude>
    <ClInclude Include="inc\leak_checker_console.h">
      <Filter>Header Files</Filter>
    </ClInclude>
    <ClInclude Include="inc\model.h">
      <Filter>Header Files</Filter>
    </ClInclude>
    <ClInclude Include="inc\model_visitor.h">
      <Filter>Header Files</Filter>
    </ClInclude>
    <ClInclude Include="inc\mouse.h">
      <Filter>Header Files</Filter>
    </ClInclude>
    <ClInclude Include="inc\node.h">
      <Filter>Header Files</Filter>
    </ClInclude>
    <ClInclude Include="inc\os_utils.h">
      <Filter>Header Files</Filter>
    </ClInclude>
    <ClInclude Include="inc\pass.h">
      <Filter>Header Files</Filter>
    </ClInclude>
    <ClInclude Include="inc\performance_log.h">
      <Filter>Header Files</Filter>
    </ClInclude>
    <ClInclude Include="inc\pixel_shader.h">
      <Filter>Header Files</Filter>
    </ClInclude>
    <ClInclude Include="inc\primitive_topology.h">
      <Filter>Header Files</Filter>
    </ClInclude>
    <ClInclude Include="inc\rasterizer.h">
      <Filter>Header Files</Filter>
    </ClInclude>
    <ClInclude Include="inc\rasterizer_shadow.h">
      <Filter>Header Files</Filter>
    </ClInclude>
    <ClInclude Include="inc\render_queue_pass.h">
      <Filter>Header Files</Filter>
    </ClInclude>
    <ClInclude Include="inc\render_target.h">
      <Filter>Header Files</Filter>
    </ClInclude>
    <ClInclude Include="inc\renderer.h">
      <Filter>Header Files</Filter>
    </ClInclude>
    <ClInclude Include="inc\renderer_exception.h">
      <Filter>Header Files</Filter>
    </ClInclude>
    <ClInclude Include="inc\shadow_map_sampler.h">
      <Filter>Header Files</Filter>
    </ClInclude>
    <ClInclude Include="inc\sky_pass.h">
      <Filter>Header Files</Filter>
    </ClInclude>
    <ClInclude Include="inc\sysmetrics.h">
      <Filter>Header Files</Filter>
    </ClInclude>
    <ClInclude Include="inc\testing.h">
      <Filter>Header Files</Filter>
    </ClInclude>
    <ClInclude Include="inc\texture.h">
      <Filter>Header Files</Filter>
    </ClInclude>
    <ClInclude Include="inc\texture_sampler.h">
      <Filter>Header Files</Filter>
    </ClInclude>
    <ClInclude Include="inc\transform_scale_vcb.h">
      <Filter>Header Files</Filter>
    </ClInclude>
    <ClInclude Include="inc\transform_vcb.h">
      <Filter>Header Files</Filter>
    </ClInclude>
    <ClInclude Include="inc\utils.h">
      <Filter>Header Files</Filter>
    </ClInclude>
    <ClInclude Include="inc\vertex_buffer.h">
      <Filter>Header Files</Filter>
    </ClInclude>
    <ClInclude Include="inc\vertex_shader.h">
      <Filter>Header Files</Filter>
    </ClInclude>
    <ClInclude Include="inc\vertical_blur_pass.h">
      <Filter>Header Files</Filter>
    </ClInclude>
    <ClInclude Include="inc\viewport.h">
      <Filter>Header Files</Filter>
    </ClInclude>
    <ClInclude Include="inc\window.h">
      <Filter>Header Files</Filter>
    </ClInclude>
    <ClInclude Include="inc\windows_message_map.h">
      <Filter>Header Files</Filter>
    </ClInclude>
    <ClInclude Include="inc\winner.h">
      <Filter>Header Files</Filter>
    </ClInclude>
    <ClInclude Include="third_party\assimp\include\assimp\Compiler\poppack1.h">
      <Filter>Header Files</Filter>
    </ClInclude>
    <ClInclude Include="third_party\assimp\include\assimp\Compiler\pstdint.h">
      <Filter>Header Files</Filter>
    </ClInclude>
    <ClInclude Include="third_party\assimp\include\assimp\Compiler\pushpack1.h">
      <Filter>Header Files</Filter>
    </ClInclude>
    <ClInclude Include="third_party\assimp\include\assimp\port\AndroidJNI\AndroidJNIIOSystem.h">
      <Filter>Header Files</Filter>
    </ClInclude>
    <ClInclude Include="third_party\assimp\include\assimp\ai_assert.h">
      <Filter>Header Files</Filter>
    </ClInclude>
    <ClInclude Include="third_party\assimp\include\assimp\anim.h">
      <Filter>Header Files</Filter>
    </ClInclude>
    <ClInclude Include="third_party\assimp\include\assimp\BaseImporter.h">
      <Filter>Header Files</Filter>
    </ClInclude>
    <ClInclude Include="third_party\assimp\include\assimp\Bitmap.h">
      <Filter>Header Files</Filter>
    </ClInclude>
    <ClInclude Include="third_party\assimp\include\assimp\BlobIOSystem.h">
      <Filter>Header Files</Filter>
    </ClInclude>
    <ClInclude Include="third_party\assimp\include\assimp\ByteSwapper.h">
      <Filter>Header Files</Filter>
    </ClInclude>
    <ClInclude Include="third_party\assimp\include\assimp\camera.h">
      <Filter>Header Files</Filter>
    </ClInclude>
    <ClInclude Include="third_party\assimp\include\assimp\cexport.h">
      <Filter>Header Files</Filter>
    </ClInclude>
    <ClInclude Include="third_party\assimp\include\assimp\cfileio.h">
      <Filter>Header Files</Filter>
    </ClInclude>
    <ClInclude Include="third_party\assimp\include\assimp\cimport.h">
      <Filter>Header Files</Filter>
    </ClInclude>
    <ClInclude Include="third_party\assimp\include\assimp\color4.h">
      <Filter>Header Files</Filter>
    </ClInclude>
    <ClInclude Include="third_party\assimp\include\assimp\config.h">
      <Filter>Header Files</Filter>
    </ClInclude>
    <ClInclude Include="third_party\assimp\include\assimp\CreateAnimMesh.h">
      <Filter>Header Files</Filter>
    </ClInclude>
    <ClInclude Include="third_party\assimp\include\assimp\DefaultIOStream.h">
      <Filter>Header Files</Filter>
    </ClInclude>
    <ClInclude Include="third_party\assimp\include\assimp\DefaultIOSystem.h">
      <Filter>Header Files</Filter>
    </ClInclude>
    <ClInclude Include="third_party\assimp\include\assimp\DefaultLogger.hpp">
      <Filter>Header Files</Filter>
    </ClInclude>
    <ClInclude Include="third_party\assimp\include\assimp\Defines.h">
      <Filter>Header Files</Filter>
    </ClInclude>
    <ClInclude Include="third_party\assimp\include\assimp\defs.h">
      <Filter>Header Files</Filter>
    </ClInclude>
    <ClInclude Include="third_party\assimp\include\assimp\Exceptional.h">
      <Filter>Header Files</Filter>
    </ClInclude>
    <ClInclude Include="third_party\assimp\include\assimp\Exporter.hpp">
      <Filter>Header Files</Filter>
    </ClInclude>
    <ClInclude Include="third_party\assimp\include\assimp\fast_atof.h">
      <Filter>Header Files</Filter>
    </ClInclude>
    <ClInclude Include="third_party\assimp\include\assimp\GenericProperty.h">
      <Filter>Header Files</Filter>
    </ClInclude>
    <ClInclude Include="third_party\assimp\include\assimp\Hash.h">
      <Filter>Header Files</Filter>
    </ClInclude>
    <ClInclude Include="third_party\assimp\include\assimp\Importer.hpp">
      <Filter>Header Files</Filter>
    </ClInclude>
    <ClInclude Include="third_party\assimp\include\assimp\importerdesc.h">
      <Filter>Header Files</Filter>
    </ClInclude>
    <ClInclude Include="third_party\assimp\include\assimp\IOStream.hpp">
      <Filter>Header Files</Filter>
    </ClInclude>
    <ClInclude Include="third_party\assimp\include\assimp\IOStreamBuffer.h">
      <Filter>Header Files</Filter>
    </ClInclude>
    <ClInclude Include="third_party\assimp\include\assimp\IOSystem.hpp">
      <Filter>Header Files</Filter>
    </ClInclude>
    <ClInclude Include="third_party\assimp\include\assimp\irrXMLWrapper.h">
      <Filter>Header Files</Filter>
    </ClInclude>
    <ClInclude Include="third_party\assimp\include\assimp\light.h">
      <Filter>Header Files</Filter>
    </ClInclude>
    <ClInclude Include="third_party\assimp\include\assimp\LineSplitter.h">
      <Filter>Header Files</Filter>
    </ClInclude>
    <ClInclude Include="third_party\assimp\include\assimp\LogAux.h">
      <Filter>Header Files</Filter>
    </ClInclude>
    <ClInclude Include="third_party\assimp\include\assimp\Logger.hpp">
      <Filter>Header Files</Filter>
    </ClInclude>
    <ClInclude Include="third_party\assimp\include\assimp\LogStream.hpp">
      <Filter>Header Files</Filter>
    </ClInclude>
    <ClInclude Include="third_party\assimp\include\assimp\Macros.h">
      <Filter>Header Files</Filter>
    </ClInclude>
    <ClInclude Include="third_party\assimp\include\assimp\material.h">
      <Filter>Header Files</Filter>
    </ClInclude>
    <ClInclude Include="third_party\assimp\include\assimp\MathFunctions.h">
      <Filter>Header Files</Filter>
    </ClInclude>
    <ClInclude Include="third_party\assimp\include\assimp\matrix3x3.h">
      <Filter>Header Files</Filter>
    </ClInclude>
    <ClInclude Include="third_party\assimp\include\assimp\matrix4x4.h">
      <Filter>Header Files</Filter>
    </ClInclude>
    <ClInclude Include="third_party\assimp\include\assimp\MemoryIOWrapper.h">
      <Filter>Header Files</Filter>
    </ClInclude>
    <ClInclude Include="third_party\assimp\include\assimp\mesh.h">
      <Filter>Header Files</Filter>
    </ClInclude>
    <ClInclude Include="third_party\assimp\include\assimp\metadata.h">
      <Filter>Header Files</Filter>
    </ClInclude>
    <ClInclude Include="third_party\assimp\include\assimp\NullLogger.hpp">
      <Filter>Header Files</Filter>
    </ClInclude>
    <ClInclude Include="third_party\assimp\include\assimp\ParsingUtils.h">
      <Filter>Header Files</Filter>
    </ClInclude>
    <ClInclude Include="third_party\assimp\include\assimp\pbrmaterial.h">
      <Filter>Header Files</Filter>
    </ClInclude>
    <ClInclude Include="third_party\assimp\include\assimp\postprocess.h">
      <Filter>Header Files</Filter>
    </ClInclude>
    <ClInclude Include="third_party\assimp\include\assimp\Profiler.h">
      <Filter>Header Files</Filter>
    </ClInclude>
    <ClInclude Include="third_party\assimp\include\assimp\ProgressHandler.hpp">
      <Filter>Header Files</Filter>
    </ClInclude>
    <ClInclude Include="third_party\assimp\include\assimp\qnan.h">
      <Filter>Header Files</Filter>
    </ClInclude>
    <ClInclude Include="third_party\assimp\include\assimp\quaternion.h">
      <Filter>Header Files</Filter>
    </ClInclude>
    <ClInclude Include="third_party\assimp\include\assimp\RemoveComments.h">
      <Filter>Header Files</Filter>
    </ClInclude>
    <ClInclude Include="third_party\assimp\include\assimp\scene.h">
      <Filter>Header Files</Filter>
    </ClInclude>
    <ClInclude Include="third_party\assimp\include\assimp\SceneCombiner.h">
      <Filter>Header Files</Filter>
    </ClInclude>
    <ClInclude Include="third_party\assimp\include\assimp\SGSpatialSort.h">
      <Filter>Header Files</Filter>
    </ClInclude>
    <ClInclude Include="third_party\assimp\include\assimp\SkeletonMeshBuilder.h">
      <Filter>Header Files</Filter>
    </ClInclude>
    <ClInclude Include="third_party\assimp\include\assimp\SmoothingGroups.h">
      <Filter>Header Files</Filter>
    </ClInclude>
    <ClInclude Include="third_party\assimp\include\assimp\SpatialSort.h">
      <Filter>Header Files</Filter>
    </ClInclude>
    <ClInclude Include="third_party\assimp\include\assimp\StandardShapes.h">
      <Filter>Header Files</Filter>
    </ClInclude>
    <ClInclude Include="third_party\assimp\include\assimp\StreamReader.h">
      <Filter>Header Files</Filter>
    </ClInclude>
    <ClInclude Include="third_party\assimp\include\assimp\StreamWriter.h">
      <Filter>Header Files</Filter>
    </ClInclude>
    <ClInclude Include="third_party\assimp\include\assimp\StringComparison.h">
      <Filter>Header Files</Filter>
    </ClInclude>
    <ClInclude Include="third_party\assimp\include\assimp\StringUtils.h">
      <Filter>Header Files</Filter>
    </ClInclude>
    <ClInclude Include="third_party\assimp\include\assimp\Subdivision.h">
      <Filter>Header Files</Filter>
    </ClInclude>
    <ClInclude Include="third_party\assimp\include\assimp\texture.h">
      <Filter>Header Files</Filter>
    </ClInclude>
    <ClInclude Include="third_party\assimp\include\assimp\TinyFormatter.h">
      <Filter>Header Files</Filter>
    </ClInclude>
    <ClInclude Include="third_party\assimp\include\assimp\types.h">
      <Filter>Header Files</Filter>
    </ClInclude>
    <ClInclude Include="third_party\assimp\include\assimp\vector2.h">
      <Filter>Header Files</Filter>
    </ClInclude>
    <ClInclude Include="third_party\assimp\include\assimp\vector3.h">
      <Filter>Header Files</Filter>
    </ClInclude>
    <ClInclude Include="third_party\assimp\include\assimp\version.h">
      <Filter>Header Files</Filter>
    </ClInclude>
    <ClInclude Include="third_party\assimp\include\assimp\Vertex.h">
      <Filter>Header Files</Filter>
    </ClInclude>
    <ClInclude Include="third_party\assimp\include\assimp\XMLTools.h">
      <Filter>Header Files</Filter>
    </ClInclude>
    <ClInclude Include="third_party\dxtex\include\dxtex\BC.h">
      <Filter>Header Files</Filter>
    </ClInclude>
    <ClInclude Include="third_party\dxtex\include\dxtex\BCDirectCompute.h">
      <Filter>Header Files</Filter>
    </ClInclude>
    <ClInclude Include="third_party\dxtex\include\dxtex\d3dx12.h">
      <Filter>Header Files</Filter>
    </ClInclude>
    <ClInclude Include="third_party\dxtex\include\dxtex\DDS.h">
      <Filter>Header Files</Filter>
    </ClInclude>
    <ClInclude Include="third_party\dxtex\include\dxtex\DirectXTex.h">
      <Filter>Header Files</Filter>
    </ClInclude>
    <ClInclude Include="third_party\dxtex\include\dxtex\DirectXTexP.h">
      <Filter>Header Files</Filter>
    </ClInclude>
    <ClInclude Include="third_party\dxtex\include\dxtex\filters.h">
      <Filter>Header Files</Filter>
    </ClInclude>
    <ClInclude Include="third_party\dxtex\include\dxtex\scoped.h">
      <Filter>Header Files</Filter>
    </ClInclude>
    <ClInclude Include="third_party\imgui\imconfig.h">
      <Filter>Header Files</Filter>
    </ClInclude>
    <ClInclude Include="third_party\imgui\imgui.h">
      <Filter>Header Files</Filter>
    </ClInclude>
    <ClInclude Include="third_party\imgui\imgui_impl_dx11.h">
      <Filter>Header Files</Filter>
    </ClInclude>
    <ClInclude Include="third_party\imgui\imgui_impl_win32.h">
      <Filter>Header Files</Filter>
    </ClInclude>
    <ClInclude Include="third_party\imgui\imgui_internal.h">
      <Filter>Header Files</Filter>
    </ClInclude>
    <ClInclude Include="third_party\imgui\imstb_rectpack.h">
      <Filter>Header Files</Filter>
    </ClInclude>
    <ClInclude Include="third_party\imgui\imstb_textedit.h">
      <Filter>Header Files</Filter>
    </ClInclude>
    <ClInclude Include="third_party\imgui\imstb_truetype.h">
      <Filter>Header Files</Filter>
    </ClInclude>
    <ClInclude Include="third_party\inih\INIReader.h">
      <Filter>Header Files</Filter>
    </ClInclude>
    <ClInclude Include="third_party\rapidjson\error\en.h">
      <Filter>Header Files</Filter>
    </ClInclude>
    <ClInclude Include="third_party\rapidjson\error\error.h">
      <Filter>Header Files</Filter>
    </ClInclude>
    <ClInclude Include="third_party\rapidjson\internal\biginteger.h">
      <Filter>Header Files</Filter>
    </ClInclude>
    <ClInclude Include="third_party\rapidjson\internal\diyfp.h">
      <Filter>Header Files</Filter>
    </ClInclude>
    <ClInclude Include="third_party\rapidjson\internal\dtoa.h">
      <Filter>Header Files</Filter>
    </ClInclude>
    <ClInclude Include="third_party\rapidjson\internal\ieee754.h">
      <Filter>Header Files</Filter>
    </ClInclude>
    <ClInclude Include="third_party\rapidjson\internal\itoa.h">
      <Filter>Header Files</Filter>
    </ClInclude>
    <ClInclude Include="third_party\rapidjson\internal\meta.h">
      <Filter>Header Files</Filter>
    </ClInclude>
    <ClInclude Include="third_party\rapidjson\internal\pow10.h">
      <Filter>Header Files</Filter>
    </ClInclude>
    <ClInclude Include="third_party\rapidjson\internal\regex.h">
      <Filter>Header Files</Filter>
    </ClInclude>
    <ClInclude Include="third_party\rapidjson\internal\stack.h">
      <Filter>Header Files</Filter>
    </ClInclude>
    <ClInclude Include="third_party\rapidjson\internal\strfunc.h">
      <Filter>Header Files</Filter>
    </ClInclude>
    <ClInclude Include="third_party\rapidjson\internal\strtod.h">
      <Filter>Header Files</Filter>
    </ClInclude>
    <ClInclude Include="third_party\rapidjson\internal\swap.h">
      <Filter>Header Files</Filter>
    </ClInclude>
    <ClInclude Include="third_party\rapidjson\msinttypes\inttypes.h">
      <Filter>Header Files</Filter>
    </ClInclude>
    <ClInclude Include="third_party\rapidjson\msinttypes\stdint.h">
      <Filter>Header Files</Filter>
    </ClInclude>
    <ClInclude Include="third_party\rapidjson\cursorstreamwrapper.h">
      <Filter>Header Files</Filter>
    </ClInclude>
    <ClInclude Include="third_party\rapidjson\document.h">
      <Filter>Header Files</Filter>
    </ClInclude>
    <ClInclude Include="third_party\rapidjson\encodedstream.h">
      <Filter>Header Files</Filter>
    </ClInclude>
    <ClInclude Include="third_party\rapidjson\encodings.h">
      <Filter>Header Files</Filter>
    </ClInclude>
    <ClInclude Include="third_party\rapidjson\filereadstream.h">
      <Filter>Header Files</Filter>
    </ClInclude>
    <ClInclude Include="third_party\rapidjson\filewritestream.h">
      <Filter>Header Files</Filter>
    </ClInclude>
    <ClInclude Include="third_party\rapidjson\fwd.h">
      <Filter>Header Files</Filter>
    </ClInclude>
    <ClInclude Include="third_party\rapidjson\istreamwrapper.h">
      <Filter>Header Files</Filter>
    </ClInclude>
    <ClInclude Include="third_party\rapidjson\memorybuffer.h">
      <Filter>Header Files</Filter>
    </ClInclude>
    <ClInclude Include="third_party\rapidjson\memorystream.h">
      <Filter>Header Files</Filter>
    </ClInclude>
    <ClInclude Include="third_party\rapidjson\ostreamwrapper.h">
      <Filter>Header Files</Filter>
    </ClInclude>
    <ClInclude Include="third_party\rapidjson\pointer.h">
      <Filter>Header Files</Filter>
    </ClInclude>
    <ClInclude Include="third_party\rapidjson\prettywriter.h">
      <Filter>Header Files</Filter>
    </ClInclude>
    <ClInclude Include="third_party\rapidjson\rapidjson.h">
      <Filter>Header Files</Filter>
    </ClInclude>
    <ClInclude Include="third_party\rapidjson\reader.h">
      <Filter>Header Files</Filter>
    </ClInclude>
    <ClInclude Include="third_party\rapidjson\schema.h">
      <Filter>Header Files</Filter>
    </ClInclude>
    <ClInclude Include="third_party\rapidjson\stream.h">
      <Filter>Header Files</Filter>
    </ClInclude>
    <ClInclude Include="third_party\rapidjson\stringbuffer.h">
      <Filter>Header Files</Filter>
    </ClInclude>
    <ClInclude Include="third_party\rapidjson\writer.h">
      <Filter>Header Files</Filter>
    </ClInclude>
    <ClInclude Include="inc\dumpling.h">
      <Filter>Header Files</Filter>
    </ClInclude>
    <ClInclude Include="inc\dxgi_info_queue.h">
      <Filter>Header Files</Filter>
    </ClInclude>
    <ClInclude Include="inc\settings_manager.h">
      <Filter>Header Files</Filter>
    </ClInclude>
    <ClInclude Include="inc\game_state.h">
      <Filter>Header Files</Filter>
    </ClInclude>
    <ClInclude Include="inc\entity.h">
      <Filter>Header Files</Filter>
    </ClInclude>
    <ClInclude Include="inc\entity_manager.h">
      <Filter>Header Files</Filter>
    </ClInclude>
    <ClInclude Include="inc\entity_defines.h">
      <Filter>Header Files</Filter>
    </ClInclude>
    <ClInclude Include="inc\gameplay_exception.h">
      <Filter>Header Files</Filter>
    </ClInclude>
    <ClInclude Include="inc\octree.h">
      <Filter>Header Files</Filter>
    </ClInclude>
    <ClInclude Include="inc\key_random.h">
      <Filter>Header Files</Filter>
    </ClInclude>
    <ClInclude Include="inc\sound_manager.h">
      <Filter>Header Files</Filter>
    </ClInclude>
    <ClInclude Include="inc\message.h">
      <Filter>Header Files</Filter>
    </ClInclude>
    <ClInclude Include="inc\message_queue_bus_dispatcher.h">
      <Filter>Header Files</Filter>
    </ClInclude>
    <ClInclude Include="inc\depth_stencil_view.h">
      <Filter>Header Files</Filter>
    </ClInclude>
    <ClInclude Include="inc\color.h">
      <Filter>Header Files</Filter>
    </ClInclude>
    <ClInclude Include="inc\job.h">
      <Filter>Header Files</Filter>
    </ClInclude>
    <ClInclude Include="inc\skybox_vcb.h">
      <Filter>Header Files</Filter>
    </ClInclude>
    <ClInclude Include="inc\key_thread.h">
      <Filter>Header Files</Filter>
    </ClInclude>
    <ClInclude Include="inc\signal_handling.h">
      <Filter>Header Files</Filter>
    </ClInclude>
    <ClInclude Include="inc\allocator_utils.h">
      <Filter>Header Files</Filter>
    </ClInclude>
    <ClInclude Include="inc\object_pool.h">
      <Filter>Header Files</Filter>
    </ClInclude>
    <ClInclude Include="inc\operation.h">
      <Filter>Header Files</Filter>
    </ClInclude>
    <ClInclude Include="inc\file_utils.h">
      <Filter>Header Files</Filter>
    </ClInclude>
    <ClInclude Include="resource.h">
      <Filter>Header Files</Filter>
    </ClInclude>
    <ClInclude Include="inc\splash_window.h">
      <Filter>Header Files</Filter>
    </ClInclude>
    <ClInclude Include="inc\light.h">
      <Filter>Header Files</Filter>
    </ClInclude>
    <ClInclude Include="arkanoid\ball.h">
      <Filter>Arkanoid</Filter>
    </ClInclude>
    <ClInclude Include="arkanoid\brick.h">
      <Filter>Arkanoid</Filter>
    </ClInclude>
    <ClInclude Include="arkanoid\paddle.h">
      <Filter>Arkanoid</Filter>
    </ClInclude>
    <ClInclude Include="snake\fruit.h">
      <Filter>Snake</Filter>
    </ClInclude>
    <ClInclude Include="snake\snake.h">
      <Filter>Snake</Filter>
    </ClInclude>
    <ClInclude Include="inc\net_utils.h">
      <Filter>Header Files</Filter>
    </ClInclude>
    <ClInclude Include="inc\cube.h">
      <Filter>Header Files</Filter>
    </ClInclude>
    <ClInclude Include="inc\plane.h">
      <Filter>Header Files</Filter>
    </ClInclude>
    <ClInclude Include="inc\geometry.h">
      <Filter>Header Files</Filter>
    </ClInclude>
    <ClInclude Include="inc\sphere.h">
      <Filter>Header Files</Filter>
    </ClInclude>
    <ClInclude Include="inc\math_utils.h">
      <Filter>Header Files</Filter>
    </ClInclude>
    <ClInclude Include="inc\depth_stencil_state.h">
      <Filter>Header Files</Filter>
    </ClInclude>
    <ClInclude Include="inc\camera_widget.h">
      <Filter>Header Files</Filter>
    </ClInclude>
    <ClInclude Include="inc\light_vcb.h">
      <Filter>Header Files</Filter>
    </ClInclude>
    <ClInclude Include="inc\triangle_mesh.h">
      <Filter>Header Files</Filter>
    </ClInclude>
    <ClInclude Include="inc\shadow_pass.h">
      <Filter>Header Files</Filter>
    </ClInclude>
    <ClInclude Include="inc\producer.h">
      <Filter>Header Files</Filter>
    </ClInclude>
    <ClInclude Include="inc\consumer.h">
      <Filter>Header Files</Filter>
    </ClInclude>
    <ClInclude Include="inc\bindable_pass.h">
      <Filter>Header Files</Filter>
    </ClInclude>
    <ClInclude Include="inc\bindable_exception.h">
      <Filter>Header Files</Filter>
    </ClInclude>
    <ClInclude Include="inc\pass_2d.h">
      <Filter>Header Files</Filter>
    </ClInclude>
    <ClInclude Include="inc\depth_reversed_pass.h">
      <Filter>Header Files</Filter>
    </ClInclude>
    <ClInclude Include="inc\wireframe_pass.h">
      <Filter>Header Files</Filter>
    </ClInclude>
    <ClInclude Include="inc\blend_state.h">
      <Filter>Header Files</Filter>
    </ClInclude>
    <ClInclude Include="inc\mouse_picker.h">
      <Filter>Header Files</Filter>
    </ClInclude>
    <ClInclude Include="inc\rectangle.h">
      <Filter>Header Files</Filter>
    </ClInclude>
    <ClInclude Include="inc\pixel_shader_null.h">
      <Filter>Header Files</Filter>
    </ClInclude>
    <ClInclude Include="inc\grid_location.h">
      <Filter>Header Files</Filter>
    </ClInclude>
    <ClInclude Include="inc\render_surface.h">
      <Filter>Header Files</Filter>
    </ClInclude>
    <ClInclude Include="inc\graphics_friend.h">
      <Filter>Header Files</Filter>
    </ClInclude>
    <ClInclude Include="inc\rendering_channel.h">
      <Filter>Header Files</Filter>
    </ClInclude>
    <ClInclude Include="inc\blur_outline_draw_pass.h">
      <Filter>Header Files</Filter>
    </ClInclude>
    <ClInclude Include="inc\blur_outline_mask_pass.h">
      <Filter>Header Files</Filter>
    </ClInclude>
    <ClInclude Include="inc\solid_outline_mask_pass.h">
      <Filter>Header Files</Filter>
    </ClInclude>
    <ClInclude Include="inc\solid_outline_draw_pass.h">
      <Filter>Header Files</Filter>
    </ClInclude>
    <ClInclude Include="inc\render_surface_clear_pass.h">
      <Filter>Header Files</Filter>
    </ClInclude>
    <ClInclude Include="inc\graphics_mode.h">
      <Filter>Header Files</Filter>
    </ClInclude>
    <ClInclude Include="inc\material_loader.h">
      <Filter>Header Files</Filter>
    </ClInclude>
    <ClInclude Include="snake\snake_play_field.h">
      <Filter>Snake</Filter>
    </ClInclude>
    <ClInclude Include="inc\thread_pool.h">
      <Filter>Header Files</Filter>
    </ClInclude>
    <ClInclude Include="inc\vtune_itt_domain.h">
      <Filter>Header Files</Filter>
    </ClInclude>
  </ItemGroup>
  <ItemGroup>
    <ResourceCompile Include="KeyEngine.rc">
      <Filter>Resource Files</Filter>
    </ResourceCompile>
  </ItemGroup>
  <ItemGroup>
    <Image Include="keyc0de.ico">
      <Filter>Resource Files</Filter>
    </Image>
    <Image Include="splash.ico">
      <Filter>Resource Files</Filter>
    </Image>
    <Image Include="tray_graffiti.ico">
      <Filter>Resource Files</Filter>
    </Image>
    <Image Include="splash.png">
      <Filter>Resource Files</Filter>
    </Image>
  </ItemGroup>
  <ItemGroup>
    <None Include="cpp.hint" />
    <None Include="third_party\assimp\include\assimp\color4.inl">
      <Filter>Header Files</Filter>
    </None>
    <None Include="third_party\assimp\include\assimp\material.inl">
      <Filter>Header Files</Filter>
    </None>
    <None Include="third_party\assimp\include\assimp\matrix3x3.inl">
      <Filter>Header Files</Filter>
    </None>
    <None Include="third_party\assimp\include\assimp\matrix4x4.inl">
      <Filter>Header Files</Filter>
    </None>
    <None Include="third_party\assimp\include\assimp\quaternion.inl">
      <Filter>Header Files</Filter>
    </None>
    <None Include="third_party\assimp\include\assimp\SmoothingGroups.inl">
      <Filter>Header Files</Filter>
    </None>
    <None Include="third_party\assimp\include\assimp\vector2.inl">
      <Filter>Header Files</Filter>
    </None>
    <None Include="third_party\assimp\include\assimp\vector3.inl">
      <Filter>Header Files</Filter>
    </None>
    <None Include="third_party\dxtex\include\dxtex\DirectXTex.inl">
      <Filter>Header Files</Filter>
    </None>
    <None Include="arrow.cur">
      <Filter>Resource Files</Filter>
    </None>
    <None Include="shaders\hlsli\directional_light_pcb.hlsli">
      <Filter>Shader Files</Filter>
    </None>
    <None Include="shaders\hlsli\hlsl_misc.hlsli">
      <Filter>Shader Files</Filter>
    </None>
    <None Include="shaders\hlsli\point_light_pcb.hlsli">
      <Filter>Shader Files</Filter>
    </None>
    <None Include="shaders\hlsli\spot_light_pcb.hlsli">
      <Filter>Shader Files</Filter>
    </None>
    <None Include="shaders\hlsli\transforms_vcb.hlsli">
      <Filter>Shader Files</Filter>
    </None>
    <None Include="shaders\hlsli\shading.hlsli">
      <Filter>Shader Files</Filter>
    </None>
    <None Include="assimp-vc140-mt.dll" />
    <None Include="imgui_default.ini" />
    <None Include="imgui.ini" />
    <None Include="zlib1.dll" />
    <None Include="shaders\hlsli\shadowing_ps.hlsli">
      <Filter>Shader Files</Filter>
    </None>
    <None Include="shaders\hlsli\shadowing_vs.hlsli" />
  </ItemGroup>
  <ItemGroup>
    <FxCompile Include="shaders\flat_ps.hlsl">
      <Filter>Shader Files</Filter>
    </FxCompile>
    <FxCompile Include="shaders\flat_vs.hlsl">
      <Filter>Shader Files</Filter>
    </FxCompile>
    <FxCompile Include="shaders\fullscreen_quad_vs.hlsl">
      <Filter>Shader Files</Filter>
    </FxCompile>
    <FxCompile Include="shaders\phong_ps.hlsl">
      <Filter>Shader Files</Filter>
    </FxCompile>
    <FxCompile Include="shaders\phong_vs.hlsl">
      <Filter>Shader Files</Filter>
    </FxCompile>
    <FxCompile Include="shaders\phongDif_ps.hlsl">
      <Filter>Shader Files</Filter>
    </FxCompile>
    <FxCompile Include="shaders\phongDif_vs.hlsl">
      <Filter>Shader Files</Filter>
    </FxCompile>
    <FxCompile Include="shaders\phongDifAlpSpc_ps.hlsl">
      <Filter>Shader Files</Filter>
    </FxCompile>
    <FxCompile Include="shaders\phongDifAlpSpc_vs.hlsl">
      <Filter>Shader Files</Filter>
    </FxCompile>
    <FxCompile Include="shaders\phongDifAlpSpcNrm_ps.hlsl">
      <Filter>Shader Files</Filter>
    </FxCompile>
    <FxCompile Include="shaders\phongDifAlpSpcNrm_vs.hlsl">
      <Filter>Shader Files</Filter>
    </FxCompile>
    <FxCompile Include="shaders\phongDifNrm_ps.hlsl">
      <Filter>Shader Files</Filter>
    </FxCompile>
    <FxCompile Include="shaders\phongDifNrm_vs.hlsl">
      <Filter>Shader Files</Filter>
    </FxCompile>
    <FxCompile Include="shaders\phongDifSpc_ps.hlsl">
      <Filter>Shader Files</Filter>
    </FxCompile>
    <FxCompile Include="shaders\phongDifSpc_vs.hlsl">
      <Filter>Shader Files</Filter>
    </FxCompile>
    <FxCompile Include="shaders\phongDifSpcNrm_ps.hlsl">
      <Filter>Shader Files</Filter>
    </FxCompile>
    <FxCompile Include="shaders\phongDifSpcNrm_vs.hlsl">
      <Filter>Shader Files</Filter>
    </FxCompile>
    <FxCompile Include="shaders\shadow_ps.hlsl">
      <Filter>Shader Files</Filter>
    </FxCompile>
    <FxCompile Include="shaders\shadow_vs.hlsl">
      <Filter>Shader Files</Filter>
    </FxCompile>
    <FxCompile Include="shaders\skybox_ps.hlsl">
      <Filter>Shader Files</Filter>
    </FxCompile>
    <FxCompile Include="shaders\skybox_vs.hlsl">
      <Filter>Shader Files</Filter>
    </FxCompile>
    <FxCompile Include="shaders\cube_ps.hlsl">
      <Filter>Shader Files</Filter>
    </FxCompile>
    <FxCompile Include="shaders\cube_vs.hlsl">
      <Filter>Shader Files</Filter>
    </FxCompile>
    <FxCompile Include="shaders\flat2d_vs.hlsl" />
    <FxCompile Include="shaders\flat2d_ps.hlsl" />
    <FxCompile Include="shaders\particle_vs.hlsl" />
    <FxCompile Include="shaders\particle_ps.hlsl" />
    <FxCompile Include="shaders\rng_cs.hlsl" />
    <FxCompile Include="shaders\phongDifAlpNrm_vs.hlsl" />
    <FxCompile Include="shaders\phongDifAlpNrm_ps.hlsl" />
    <FxCompile Include="shaders\digital_brain.hlsl" />
    <FxCompile Include="shaders\blur_separ_ps.hlsl">
      <Filter>Shader Files</Filter>
    </FxCompile>
    <FxCompile Include="shaders\fullscreen_triangle_vs.hlsl" />
    <FxCompile Include="shaders\plane_vs.hlsl" />
    <FxCompile Include="shaders\plane_ps.hlsl" />
  </ItemGroup>
  <ItemGroup>
    <Text Include="TODO.txt" />
  </ItemGroup>
</Project>